<?xml version="1.0" encoding="utf-8"?>
<Project ToolsVersion="4.0" xmlns="http://schemas.microsoft.com/developer/msbuild/2003">
  <ItemGroup>
    <Filter Include="include">
      <UniqueIdentifier>{89AF369E-F58E-B539-FEA6-40106A051C9B}</UniqueIdentifier>
    </Filter>
    <Filter Include="include\allocator">
      <UniqueIdentifier>{399ACC28-A5B0-CABE-EE27-56E05A7D9B46}</UniqueIdentifier>
    </Filter>
    <Filter Include="include\ds">
      <UniqueIdentifier>{2F44B8DA-1BFC-F927-8403-D38370DA9418}</UniqueIdentifier>
    </Filter>
    <Filter Include="src">
      <UniqueIdentifier>{2DAB880B-99B4-887C-2230-9F7C8E38947C}</UniqueIdentifier>
    </Filter>
  </ItemGroup>
  <ItemGroup>
    <ClCompile Include="src\Main.cpp">
      <Filter>src</Filter>
    </ClCompile>
    <ClCompile Include="src\StringTests.cpp">
      <Filter>src</Filter>
    </ClCompile>
    <ClCompile Include="src\DragonTests.cpp">
      <Filter>src</Filter>
    </ClCompile>
    <ClCompile Include="src\MathTests.cpp">
      <Filter>src</Filter>
    </ClCompile>
    <ClCompile Include="ReferenceCountingTests.cpp">
      <Filter>src</Filter>
    </ClCompile>
    <ClCompile Include="Base64Tests.cpp">
      <Filter>src</Filter>
    </ClCompile>
  </ItemGroup>
</Project>