<?xml version="1.0" encoding="utf-8"?>
<Project ToolsVersion="4.0" xmlns="http://schemas.microsoft.com/developer/msbuild/2003">
  <ItemGroup>
    <Filter Include="include">
      <UniqueIdentifier>{89AF369E-F58E-B539-FEA6-40106A051C9B}</UniqueIdentifier>
    </Filter>
    <Filter Include="include\allocator">
      <UniqueIdentifier>{399ACC28-A5B0-CABE-EE27-56E05A7D9B46}</UniqueIdentifier>
    </Filter>
    <Filter Include="include\ds">
      <UniqueIdentifier>{2F44B8DA-1BFC-F927-8403-D38370DA9418}</UniqueIdentifier>
    </Filter>
    <Filter Include="src">
      <UniqueIdentifier>{2DAB880B-99B4-887C-2230-9F7C8E38947C}</UniqueIdentifier>
    </Filter>
  </ItemGroup>
  <ItemGroup>
    <ClInclude Include="include\Alignment.h">
      <Filter>include</Filter>
    </ClInclude>
    <ClInclude Include="include\ArrayList.hpp">
      <Filter>include</Filter>
    </ClInclude>
    <ClInclude Include="include\AtomicIntrinsics.hpp">
      <Filter>include</Filter>
    </ClInclude>
    <ClInclude Include="include\BitSet.hpp">
      <Filter>include</Filter>
    </ClInclude>
    <ClInclude Include="include\CVersion.hpp">
      <Filter>include</Filter>
    </ClInclude>
    <ClInclude Include="include\ConPrinter.hpp">
      <Filter>include</Filter>
    </ClInclude>
    <ClInclude Include="include\ConPrinter.string.hpp">
      <Filter>include</Filter>
    </ClInclude>
    <ClInclude Include="include\DynArray.hpp">
      <Filter>include</Filter>
    </ClInclude>
    <ClInclude Include="include\Endian.hpp">
      <Filter>include</Filter>
    </ClInclude>
    <ClInclude Include="include\EnumBitFields.hpp">
      <Filter>include</Filter>
    </ClInclude>
    <ClInclude Include="include\MapIterator.hpp">
      <Filter>include</Filter>
    </ClInclude>
    <ClInclude Include="include\MathDefines.hpp">
      <Filter>include</Filter>
    </ClInclude>
    <ClInclude Include="include\NumTypes.hpp">
      <Filter>include</Filter>
    </ClInclude>
    <ClInclude Include="include\Objects.hpp">
      <Filter>include</Filter>
    </ClInclude>
    <ClInclude Include="include\ReferenceCountingPointer.hpp">
      <Filter>include</Filter>
    </ClInclude>
    <ClInclude Include="include\RunTimeType.hpp">
      <Filter>include</Filter>
    </ClInclude>
    <ClInclude Include="include\Safeties.hpp">
      <Filter>include</Filter>
    </ClInclude>
    <ClInclude Include="include\String.hpp">
      <Filter>include</Filter>
    </ClInclude>
    <ClInclude Include="include\String.io.hpp">
      <Filter>include</Filter>
    </ClInclude>
    <ClInclude Include="include\TUMaths.hpp">
      <Filter>include</Filter>
    </ClInclude>
    <ClInclude Include="include\Template.hpp">
      <Filter>include</Filter>
    </ClInclude>
    <ClInclude Include="include\Triplet.hpp">
      <Filter>include</Filter>
    </ClInclude>
    <ClInclude Include="include\Utils.hpp">
      <Filter>include</Filter>
    </ClInclude>
    <ClInclude Include="include\VariableLengthArray.hpp">
      <Filter>include</Filter>
    </ClInclude>
    <ClInclude Include="include\allocator\FixedBlockAllocator.hpp">
      <Filter>include\allocator</Filter>
    </ClInclude>
    <ClInclude Include="include\allocator\FreeListAllocator.hpp">
      <Filter>include\allocator</Filter>
    </ClInclude>
    <ClInclude Include="include\allocator\PageAllocator.hpp">
      <Filter>include\allocator</Filter>
    </ClInclude>
    <ClInclude Include="include\allocator\SlabAllocator.hpp">
      <Filter>include\allocator</Filter>
    </ClInclude>
    <ClInclude Include="include\allocator\TauAllocator.hpp">
      <Filter>include\allocator</Filter>
    </ClInclude>
    <ClInclude Include="include\ds\AVLTree.hpp">
      <Filter>include\ds</Filter>
    </ClInclude>
    <ClInclude Include="include\ds\RBTree.hpp">
      <Filter>include\ds</Filter>
    </ClInclude>
    <ClInclude Include="include\ds\StreamedAVLTree.hpp">
      <Filter>include\ds</Filter>
    </ClInclude>
    <ClInclude Include="include\ds\TreeUtils.hpp">
      <Filter>include\ds</Filter>
    </ClInclude>
    <ClInclude Include="include\Encoding.hpp">
      <Filter>include</Filter>
    </ClInclude>
    <ClInclude Include="include\ReferenceCounter.hpp">
      <Filter>include</Filter>
    </ClInclude>
    <ClInclude Include="include\Console.hpp">
      <Filter>include</Filter>
    </ClInclude>
    <ClInclude Include="include\Dragon4.hpp">
      <Filter>include</Filter>
    </ClInclude>
    <ClInclude Include="include\ToString.hpp">
      <Filter>include</Filter>
    </ClInclude>
  </ItemGroup>
  <ItemGroup>
    <ClCompile Include="src\DefaultTauAllocator.cpp">
      <Filter>src</Filter>
    </ClCompile>
    <ClCompile Include="src\PageAllocator.cpp">
      <Filter>src</Filter>
    </ClCompile>
    <ClCompile Include="src\ReferenceCountingPointer.cpp">
      <Filter>src</Filter>
    </ClCompile>
    <ClCompile Include="src\Encoding.cpp">
      <Filter>src</Filter>
    </ClCompile>
    <ClCompile Include="src\Console.cpp">
      <Filter>src</Filter>
    </ClCompile>
    <ClCompile Include="src\Dragon4.cpp">
      <Filter>src</Filter>
    </ClCompile>
  </ItemGroup>
  <ItemGroup>
    <None Include="include\EnumBitFields.inl">
      <Filter>include</Filter>
    </None>
    <None Include="include\ReferenceCountingPointer.inl">
      <Filter>include</Filter>
    </None>
    <None Include="include\String.inl">
      <Filter>include</Filter>
    </None>
    <None Include="include\String.utf8.inl">
      <Filter>include</Filter>
    </None>
    <None Include="include\String.utf16.inl">
      <Filter>include</Filter>
    </None>
    <None Include="include\String.utf8_16.inl">
      <Filter>include</Filter>
    </None>
  </ItemGroup>
</Project>